// !$*UTF8*$!
{
	archiveVersion = 1;
	classes = {
	};
	objectVersion = 77;
	objects = {

/* Begin PBXContainerItemProxy section */
		BDADEFDE2D81C897007ACB8D /* PBXContainerItemProxy */ = {
			isa = PBXContainerItemProxy;
			containerPortal = BDADEFC52D81C896007ACB8D /* Project object */;
			proxyType = 1;
			remoteGlobalIDString = BDADEFCC2D81C896007ACB8D;
			remoteInfo = orenfin;
		};
		BDADEFE82D81C897007ACB8D /* PBXContainerItemProxy */ = {
			isa = PBXContainerItemProxy;
			containerPortal = BDADEFC52D81C896007ACB8D /* Project object */;
			proxyType = 1;
			remoteGlobalIDString = BDADEFCC2D81C896007ACB8D;
			remoteInfo = orenfin;
		};
/* End PBXContainerItemProxy section */

/* Begin PBXFileReference section */
		BDADEFCD2D81C896007ACB8D /* orenfin.app */ = {isa = PBXFileReference; explicitFileType = wrapper.application; includeInIndex = 0; path = orenfin.app; sourceTree = BUILT_PRODUCTS_DIR; };
		BDADEFDD2D81C897007ACB8D /* orenfinTests.xctest */ = {isa = PBXFileReference; explicitFileType = wrapper.cfbundle; includeInIndex = 0; path = orenfinTests.xctest; sourceTree = BUILT_PRODUCTS_DIR; };
		BDADEFE72D81C897007ACB8D /* orenfinUITests.xctest */ = {isa = PBXFileReference; explicitFileType = wrapper.cfbundle; includeInIndex = 0; path = orenfinUITests.xctest; sourceTree = BUILT_PRODUCTS_DIR; };
/* End PBXFileReference section */

/* Begin PBXFileSystemSynchronizedRootGroup section */
		BDADEFCF2D81C896007ACB8D /* orenfin */ = {
			isa = PBXFileSystemSynchronizedRootGroup;
			path = orenfin;
			sourceTree = "<group>";
		};
		BDADEFE02D81C897007ACB8D /* orenfinTests */ = {
			isa = PBXFileSystemSynchronizedRootGroup;
			path = orenfinTests;
			sourceTree = "<group>";
		};
		BDADEFEA2D81C897007ACB8D /* orenfinUITests */ = {
			isa = PBXFileSystemSynchronizedRootGroup;
			path = orenfinUITests;
			sourceTree = "<group>";
		};
/* End PBXFileSystemSynchronizedRootGroup section */

/* Begin PBXFrameworksBuildPhase section */
		BDADEFCA2D81C896007ACB8D /* Frameworks */ = {
			isa = PBXFrameworksBuildPhase;
			buildActionMask = 2147483647;
			files = (
			);
			runOnlyForDeploymentPostprocessing = 0;
		};
		BDADEFDA2D81C897007ACB8D /* Frameworks */ = {
			isa = PBXFrameworksBuildPhase;
			buildActionMask = 2147483647;
			files = (
			);
			runOnlyForDeploymentPostprocessing = 0;
		};
		BDADEFE42D81C897007ACB8D /* Frameworks */ = {
			isa = PBXFrameworksBuildPhase;
			buildActionMask = 2147483647;
			files = (
			);
			runOnlyForDeploymentPostprocessing = 0;
		};
/* End PBXFrameworksBuildPhase section */

/* Begin PBXGroup section */
		BDADEFC42D81C896007ACB8D = {
			isa = PBXGroup;
			children = (
				BDADEFCF2D81C896007ACB8D /* orenfin */,
				BDADEFE02D81C897007ACB8D /* orenfinTests */,
				BDADEFEA2D81C897007ACB8D /* orenfinUITests */,
				BDADEFCE2D81C896007ACB8D /* Products */,
			);
			sourceTree = "<group>";
		};
		BDADEFCE2D81C896007ACB8D /* Products */ = {
			isa = PBXGroup;
			children = (
				BDADEFCD2D81C896007ACB8D /* orenfin.app */,
				BDADEFDD2D81C897007ACB8D /* orenfinTests.xctest */,
				BDADEFE72D81C897007ACB8D /* orenfinUITests.xctest */,
			);
			name = Products;
			sourceTree = "<group>";
		};
/* End PBXGroup section */

/* Begin PBXNativeTarget section */
		BDADEFCC2D81C896007ACB8D /* orenfin */ = {
			isa = PBXNativeTarget;
			buildConfigurationList = BDADEFF12D81C897007ACB8D /* Build configuration list for PBXNativeTarget "orenfin" */;
			buildPhases = (
				BDADEFC92D81C896007ACB8D /* Sources */,
				BDADEFCA2D81C896007ACB8D /* Frameworks */,
				BDADEFCB2D81C896007ACB8D /* Resources */,
			);
			buildRules = (
			);
			dependencies = (
			);
			fileSystemSynchronizedGroups = (
				BDADEFCF2D81C896007ACB8D /* orenfin */,
			);
			name = orenfin;
			packageProductDependencies = (
			);
			productName = orenfin;
			productReference = BDADEFCD2D81C896007ACB8D /* orenfin.app */;
			productType = "com.apple.product-type.application";
		};
		BDADEFDC2D81C897007ACB8D /* orenfinTests */ = {
			isa = PBXNativeTarget;
			buildConfigurationList = BDADEFF42D81C897007ACB8D /* Build configuration list for PBXNativeTarget "orenfinTests" */;
			buildPhases = (
				BDADEFD92D81C897007ACB8D /* Sources */,
				BDADEFDA2D81C897007ACB8D /* Frameworks */,
				BDADEFDB2D81C897007ACB8D /* Resources */,
			);
			buildRules = (
			);
			dependencies = (
				BDADEFDF2D81C897007ACB8D /* PBXTargetDependency */,
			);
			fileSystemSynchronizedGroups = (
				BDADEFE02D81C897007ACB8D /* orenfinTests */,
			);
			name = orenfinTests;
			packageProductDependencies = (
			);
			productName = orenfinTests;
			productReference = BDADEFDD2D81C897007ACB8D /* orenfinTests.xctest */;
			productType = "com.apple.product-type.bundle.unit-test";
		};
		BDADEFE62D81C897007ACB8D /* orenfinUITests */ = {
			isa = PBXNativeTarget;
			buildConfigurationList = BDADEFF72D81C897007ACB8D /* Build configuration list for PBXNativeTarget "orenfinUITests" */;
			buildPhases = (
				BDADEFE32D81C897007ACB8D /* Sources */,
				BDADEFE42D81C897007ACB8D /* Frameworks */,
				BDADEFE52D81C897007ACB8D /* Resources */,
			);
			buildRules = (
			);
			dependencies = (
				BDADEFE92D81C897007ACB8D /* PBXTargetDependency */,
			);
			fileSystemSynchronizedGroups = (
				BDADEFEA2D81C897007ACB8D /* orenfinUITests */,
			);
			name = orenfinUITests;
			packageProductDependencies = (
			);
			productName = orenfinUITests;
			productReference = BDADEFE72D81C897007ACB8D /* orenfinUITests.xctest */;
			productType = "com.apple.product-type.bundle.ui-testing";
		};
/* End PBXNativeTarget section */

/* Begin PBXProject section */
		BDADEFC52D81C896007ACB8D /* Project object */ = {
			isa = PBXProject;
			attributes = {
				BuildIndependentTargetsInParallel = 1;
				LastSwiftUpdateCheck = 1620;
				LastUpgradeCheck = 1620;
				TargetAttributes = {
					BDADEFCC2D81C896007ACB8D = {
						CreatedOnToolsVersion = 16.2;
					};
					BDADEFDC2D81C897007ACB8D = {
						CreatedOnToolsVersion = 16.2;
						TestTargetID = BDADEFCC2D81C896007ACB8D;
					};
					BDADEFE62D81C897007ACB8D = {
						CreatedOnToolsVersion = 16.2;
						TestTargetID = BDADEFCC2D81C896007ACB8D;
					};
				};
			};
			buildConfigurationList = BDADEFC82D81C896007ACB8D /* Build configuration list for PBXProject "orenfin" */;
			developmentRegion = en;
			hasScannedForEncodings = 0;
			knownRegions = (
				en,
				Base,
			);
			mainGroup = BDADEFC42D81C896007ACB8D;
			minimizedProjectReferenceProxies = 1;
			preferredProjectObjectVersion = 77;
			productRefGroup = BDADEFCE2D81C896007ACB8D /* Products */;
			projectDirPath = "";
			projectRoot = "";
			targets = (
				BDADEFCC2D81C896007ACB8D /* orenfin */,
				BDADEFDC2D81C897007ACB8D /* orenfinTests */,
				BDADEFE62D81C897007ACB8D /* orenfinUITests */,
			);
		};
/* End PBXProject section */

/* Begin PBXResourcesBuildPhase section */
		BDADEFCB2D81C896007ACB8D /* Resources */ = {
			isa = PBXResourcesBuildPhase;
			buildActionMask = 2147483647;
			files = (
			);
			runOnlyForDeploymentPostprocessing = 0;
		};
		BDADEFDB2D81C897007ACB8D /* Resources */ = {
			isa = PBXResourcesBuildPhase;
			buildActionMask = 2147483647;
			files = (
			);
			runOnlyForDeploymentPostprocessing = 0;
		};
		BDADEFE52D81C897007ACB8D /* Resources */ = {
			isa = PBXResourcesBuildPhase;
			buildActionMask = 2147483647;
			files = (
			);
			runOnlyForDeploymentPostprocessing = 0;
		};
/* End PBXResourcesBuildPhase section */

/* Begin PBXSourcesBuildPhase section */
		BDADEFC92D81C896007ACB8D /* Sources */ = {
			isa = PBXSourcesBuildPhase;
			buildActionMask = 2147483647;
			files = (
			);
			runOnlyForDeploymentPostprocessing = 0;
		};
		BDADEFD92D81C897007ACB8D /* Sources */ = {
			isa = PBXSourcesBuildPhase;
			buildActionMask = 2147483647;
			files = (
			);
			runOnlyForDeploymentPostprocessing = 0;
		};
		BDADEFE32D81C897007ACB8D /* Sources */ = {
			isa = PBXSourcesBuildPhase;
			buildActionMask = 2147483647;
			files = (
			);
			runOnlyForDeploymentPostprocessing = 0;
		};
/* End PBXSourcesBuildPhase section */

/* Begin PBXTargetDependency section */
		BDADEFDF2D81C897007ACB8D /* PBXTargetDependency */ = {
			isa = PBXTargetDependency;
			target = BDADEFCC2D81C896007ACB8D /* orenfin */;
			targetProxy = BDADEFDE2D81C897007ACB8D /* PBXContainerItemProxy */;
		};
		BDADEFE92D81C897007ACB8D /* PBXTargetDependency */ = {
			isa = PBXTargetDependency;
			target = BDADEFCC2D81C896007ACB8D /* orenfin */;
			targetProxy = BDADEFE82D81C897007ACB8D /* PBXContainerItemProxy */;
		};
/* End PBXTargetDependency section */

/* Begin XCBuildConfiguration section */
		BDADEFEF2D81C897007ACB8D /* Debug */ = {
			isa = XCBuildConfiguration;
			buildSettings = {
				ALWAYS_SEARCH_USER_PATHS = NO;
				ASSETCATALOG_COMPILER_GENERATE_SWIFT_ASSET_SYMBOL_EXTENSIONS = YES;
				CLANG_ANALYZER_NONNULL = YES;
				CLANG_ANALYZER_NUMBER_OBJECT_CONVERSION = YES_AGGRESSIVE;
				CLANG_CXX_LANGUAGE_STANDARD = "gnu++20";
				CLANG_ENABLE_MODULES = YES;
				CLANG_ENABLE_OBJC_ARC = YES;
				CLANG_ENABLE_OBJC_WEAK = YES;
				CLANG_WARN_BLOCK_CAPTURE_AUTORELEASING = YES;
				CLANG_WARN_BOOL_CONVERSION = YES;
				CLANG_WARN_COMMA = YES;
				CLANG_WARN_CONSTANT_CONVERSION = YES;
				CLANG_WARN_DEPRECATED_OBJC_IMPLEMENTATIONS = YES;
				CLANG_WARN_DIRECT_OBJC_ISA_USAGE = YES_ERROR;
				CLANG_WARN_DOCUMENTATION_COMMENTS = YES;
				CLANG_WARN_EMPTY_BODY = YES;
				CLANG_WARN_ENUM_CONVERSION = YES;
				CLANG_WARN_INFINITE_RECURSION = YES;
				CLANG_WARN_INT_CONVERSION = YES;
				CLANG_WARN_NON_LITERAL_NULL_CONVERSION = YES;
				CLANG_WARN_OBJC_IMPLICIT_RETAIN_SELF = YES;
				CLANG_WARN_OBJC_LITERAL_CONVERSION = YES;
				CLANG_WARN_OBJC_ROOT_CLASS = YES_ERROR;
				CLANG_WARN_QUOTED_INCLUDE_IN_FRAMEWORK_HEADER = YES;
				CLANG_WARN_RANGE_LOOP_ANALYSIS = YES;
				CLANG_WARN_STRICT_PROTOTYPES = YES;
				CLANG_WARN_SUSPICIOUS_MOVE = YES;
				CLANG_WARN_UNGUARDED_AVAILABILITY = YES_AGGRESSIVE;
				CLANG_WARN_UNREACHABLE_CODE = YES;
				CLANG_WARN__DUPLICATE_METHOD_MATCH = YES;
				COPY_PHASE_STRIP = NO;
				DEBUG_INFORMATION_FORMAT = dwarf;
				ENABLE_STRICT_OBJC_MSGSEND = YES;
				ENABLE_TESTABILITY = YES;
				ENABLE_USER_SCRIPT_SANDBOXING = YES;
				GCC_C_LANGUAGE_STANDARD = gnu17;
				GCC_DYNAMIC_NO_PIC = NO;
				GCC_NO_COMMON_BLOCKS = YES;
				GCC_OPTIMIZATION_LEVEL = 0;
				GCC_PREPROCESSOR_DEFINITIONS = (
					"DEBUG=1",
					"$(inherited)",
				);
				GCC_WARN_64_TO_32_BIT_CONVERSION = YES;
				GCC_WARN_ABOUT_RETURN_TYPE = YES_ERROR;
				GCC_WARN_UNDECLARED_SELECTOR = YES;
				GCC_WARN_UNINITIALIZED_AUTOS = YES_AGGRESSIVE;
				GCC_WARN_UNUSED_FUNCTION = YES;
				GCC_WARN_UNUSED_VARIABLE = YES;
				IPHONEOS_DEPLOYMENT_TARGET = 18.2;
				LOCALIZATION_PREFERS_STRING_CATALOGS = YES;
				MTL_ENABLE_DEBUG_INFO = INCLUDE_SOURCE;
				MTL_FAST_MATH = YES;
				ONLY_ACTIVE_ARCH = YES;
				SDKROOT = iphoneos;
				SWIFT_ACTIVE_COMPILATION_CONDITIONS = "DEBUG $(inherited)";
				SWIFT_OPTIMIZATION_LEVEL = "-Onone";
			};
			name = Debug;
		};
		BDADEFF02D81C897007ACB8D /* Release */ = {
			isa = XCBuildConfiguration;
			buildSettings = {
				ALWAYS_SEARCH_USER_PATHS = NO;
				ASSETCATALOG_COMPILER_GENERATE_SWIFT_ASSET_SYMBOL_EXTENSIONS = YES;
				CLANG_ANALYZER_NONNULL = YES;
				CLANG_ANALYZER_NUMBER_OBJECT_CONVERSION = YES_AGGRESSIVE;
				CLANG_CXX_LANGUAGE_STANDARD = "gnu++20";
				CLANG_ENABLE_MODULES = YES;
				CLANG_ENABLE_OBJC_ARC = YES;
				CLANG_ENABLE_OBJC_WEAK = YES;
				CLANG_WARN_BLOCK_CAPTURE_AUTORELEASING = YES;
				CLANG_WARN_BOOL_CONVERSION = YES;
				CLANG_WARN_COMMA = YES;
				CLANG_WARN_CONSTANT_CONVERSION = YES;
				CLANG_WARN_DEPRECATED_OBJC_IMPLEMENTATIONS = YES;
				CLANG_WARN_DIRECT_OBJC_ISA_USAGE = YES_ERROR;
				CLANG_WARN_DOCUMENTATION_COMMENTS = YES;
				CLANG_WARN_EMPTY_BODY = YES;
				CLANG_WARN_ENUM_CONVERSION = YES;
				CLANG_WARN_INFINITE_RECURSION = YES;
				CLANG_WARN_INT_CONVERSION = YES;
				CLANG_WARN_NON_LITERAL_NULL_CONVERSION = YES;
				CLANG_WARN_OBJC_IMPLICIT_RETAIN_SELF = YES;
				CLANG_WARN_OBJC_LITERAL_CONVERSION = YES;
				CLANG_WARN_OBJC_ROOT_CLASS = YES_ERROR;
				CLANG_WARN_QUOTED_INCLUDE_IN_FRAMEWORK_HEADER = YES;
				CLANG_WARN_RANGE_LOOP_ANALYSIS = YES;
				CLANG_WARN_STRICT_PROTOTYPES = YES;
				CLANG_WARN_SUSPICIOUS_MOVE = YES;
				CLANG_WARN_UNGUARDED_AVAILABILITY = YES_AGGRESSIVE;
				CLANG_WARN_UNREACHABLE_CODE = YES;
				CLANG_WARN__DUPLICATE_METHOD_MATCH = YES;
				COPY_PHASE_STRIP = NO;
				DEBUG_INFORMATION_FORMAT = "dwarf-with-dsym";
				ENABLE_NS_ASSERTIONS = NO;
				ENABLE_STRICT_OBJC_MSGSEND = YES;
				ENABLE_USER_SCRIPT_SANDBOXING = YES;
				GCC_C_LANGUAGE_STANDARD = gnu17;
				GCC_NO_COMMON_BLOCKS = YES;
				GCC_WARN_64_TO_32_BIT_CONVERSION = YES;
				GCC_WARN_ABOUT_RETURN_TYPE = YES_ERROR;
				GCC_WARN_UNDECLARED_SELECTOR = YES;
				GCC_WARN_UNINITIALIZED_AUTOS = YES_AGGRESSIVE;
				GCC_WARN_UNUSED_FUNCTION = YES;
				GCC_WARN_UNUSED_VARIABLE = YES;
				IPHONEOS_DEPLOYMENT_TARGET = 18.2;
				LOCALIZATION_PREFERS_STRING_CATALOGS = YES;
				MTL_ENABLE_DEBUG_INFO = NO;
				MTL_FAST_MATH = YES;
				SDKROOT = iphoneos;
				SWIFT_COMPILATION_MODE = wholemodule;
				VALIDATE_PRODUCT = YES;
			};
			name = Release;
		};
		BDADEFF22D81C897007ACB8D /* Debug */ = {
			isa = XCBuildConfiguration;
			buildSettings = {
				ASSETCATALOG_COMPILER_APPICON_NAME = AppIcon;
				ASSETCATALOG_COMPILER_GLOBAL_ACCENT_COLOR_NAME = AccentColor;
				CODE_SIGN_STYLE = Automatic;
				CURRENT_PROJECT_VERSION = 1;
				DEVELOPMENT_ASSET_PATHS = "\"orenfin/Preview Content\"";
				DEVELOPMENT_TEAM = N78F32YPD5;
				ENABLE_PREVIEWS = YES;
				GENERATE_INFOPLIST_FILE = YES;
				INFOPLIST_KEY_UIApplicationSceneManifest_Generation = YES;
				INFOPLIST_KEY_UIApplicationSupportsIndirectInputEvents = YES;
				INFOPLIST_KEY_UILaunchScreen_Generation = YES;
				INFOPLIST_KEY_UISupportedInterfaceOrientations_iPad = "UIInterfaceOrientationPortrait UIInterfaceOrientationPortraitUpsideDown UIInterfaceOrientationLandscapeLeft UIInterfaceOrientationLandscapeRight";
				INFOPLIST_KEY_UISupportedInterfaceOrientations_iPhone = "UIInterfaceOrientationPortrait UIInterfaceOrientationLandscapeLeft UIInterfaceOrientationLandscapeRight";
				LD_RUNPATH_SEARCH_PATHS = (
					"$(inherited)",
					"@executable_path/Frameworks",
				);
				MARKETING_VERSION = 1.0;
				PRODUCT_BUNDLE_IDENTIFIER = com.ored.orenfin;
				PRODUCT_NAME = "$(TARGET_NAME)";
				SWIFT_EMIT_LOC_STRINGS = YES;
				SWIFT_VERSION = 5.0;
				TARGETED_DEVICE_FAMILY = "1,2";
			};
			name = Debug;
		};
		BDADEFF32D81C897007ACB8D /* Release */ = {
			isa = XCBuildConfiguration;
			buildSettings = {
				ASSETCATALOG_COMPILER_APPICON_NAME = AppIcon;
				ASSETCATALOG_COMPILER_GLOBAL_ACCENT_COLOR_NAME = AccentColor;
				CODE_SIGN_STYLE = Automatic;
				CURRENT_PROJECT_VERSION = 1;
				DEVELOPMENT_ASSET_PATHS = "\"orenfin/Preview Content\"";
				DEVELOPMENT_TEAM = N78F32YPD5;
				ENABLE_PREVIEWS = YES;
				GENERATE_INFOPLIST_FILE = YES;
				INFOPLIST_KEY_UIApplicationSceneManifest_Generation = YES;
				INFOPLIST_KEY_UIApplicationSupportsIndirectInputEvents = YES;
				INFOPLIST_KEY_UILaunchScreen_Generation = YES;
				INFOPLIST_KEY_UISupportedInterfaceOrientations_iPad = "UIInterfaceOrientationPortrait UIInterfaceOrientationPortraitUpsideDown UIInterfaceOrientationLandscapeLeft UIInterfaceOrientationLandscapeRight";
				INFOPLIST_KEY_UISupportedInterfaceOrientations_iPhone = "UIInterfaceOrientationPortrait UIInterfaceOrientationLandscapeLeft UIInterfaceOrientationLandscapeRight";
				LD_RUNPATH_SEARCH_PATHS = (
					"$(inherited)",
					"@executable_path/Frameworks",
				);
				MARKETING_VERSION = 1.0;
				PRODUCT_BUNDLE_IDENTIFIER = com.ored.orenfin;
				PRODUCT_NAME = "$(TARGET_NAME)";
				SWIFT_EMIT_LOC_STRINGS = YES;
				SWIFT_VERSION = 5.0;
				TARGETED_DEVICE_FAMILY = "1,2";
			};
			name = Release;
		};
		BDADEFF52D81C897007ACB8D /* Debug */ = {
			isa = XCBuildConfiguration;
			buildSettings = {
				BUNDLE_LOADER = "$(TEST_HOST)";
				CODE_SIGN_STYLE = Automatic;
				CURRENT_PROJECT_VERSION = 1;
				GENERATE_INFOPLIST_FILE = YES;
				IPHONEOS_DEPLOYMENT_TARGET = 18.2;
				MARKETING_VERSION = 1.0;
				PRODUCT_BUNDLE_IDENTIFIER = com.ored.orenfinTests;
				PRODUCT_NAME = "$(TARGET_NAME)";
				SWIFT_EMIT_LOC_STRINGS = NO;
				SWIFT_VERSION = 5.0;
				TARGETED_DEVICE_FAMILY = "1,2";
				TEST_HOST = "$(BUILT_PRODUCTS_DIR)/orenfin.app/$(BUNDLE_EXECUTABLE_FOLDER_PATH)/orenfin";
			};
			name = Debug;
		};
		BDADEFF62D81C897007ACB8D /* Release */ = {
			isa = XCBuildConfiguration;
			buildSettings = {
				BUNDLE_LOADER = "$(TEST_HOST)";
				CODE_SIGN_STYLE = Automatic;
				CURRENT_PROJECT_VERSION = 1;
				GENERATE_INFOPLIST_FILE = YES;
				IPHONEOS_DEPLOYMENT_TARGET = 18.2;
				MARKETING_VERSION = 1.0;
				PRODUCT_BUNDLE_IDENTIFIER = com.ored.orenfinTests;
				PRODUCT_NAME = "$(TARGET_NAME)";
				SWIFT_EMIT_LOC_STRINGS = NO;
				SWIFT_VERSION = 5.0;
				TARGETED_DEVICE_FAMILY = "1,2";
				TEST_HOST = "$(BUILT_PRODUCTS_DIR)/orenfin.app/$(BUNDLE_EXECUTABLE_FOLDER_PATH)/orenfin";
			};
			name = Release;
		};
		BDADEFF82D81C897007ACB8D /* Debug */ = {
			isa = XCBuildConfiguration;
			buildSettings = {
				CODE_SIGN_STYLE = Automatic;
				CURRENT_PROJECT_VERSION = 1;
				GENERATE_INFOPLIST_FILE = YES;
				MARKETING_VERSION = 1.0;
				PRODUCT_BUNDLE_IDENTIFIER = com.ored.orenfinUITests;
				PRODUCT_NAME = "$(TARGET_NAME)";
				SWIFT_EMIT_LOC_STRINGS = NO;
				SWIFT_VERSION = 5.0;
				TARGETED_DEVICE_FAMILY = "1,2";
				TEST_TARGET_NAME = orenfin;
			};
			name = Debug;
		};
		BDADEFF92D81C897007ACB8D /* Release */ = {
			isa = XCBuildConfiguration;
			buildSettings = {
				CODE_SIGN_STYLE = Automatic;
				CURRENT_PROJECT_VERSION = 1;
				GENERATE_INFOPLIST_FILE = YES;
				MARKETING_VERSION = 1.0;
				PRODUCT_BUNDLE_IDENTIFIER = com.ored.orenfinUITests;
				PRODUCT_NAME = "$(TARGET_NAME)";
				SWIFT_EMIT_LOC_STRINGS = NO;
				SWIFT_VERSION = 5.0;
				TARGETED_DEVICE_FAMILY = "1,2";
				TEST_TARGET_NAME = orenfin;
			};
			name = Release;
		};
/* End XCBuildConfiguration section */

/* Begin XCConfigurationList section */
		BDADEFC82D81C896007ACB8D /* Build configuration list for PBXProject "orenfin" */ = {
			isa = XCConfigurationList;
			buildConfigurations = (
				BDADEFEF2D81C897007ACB8D /* Debug */,
				BDADEFF02D81C897007ACB8D /* Release */,
			);
			defaultConfigurationIsVisible = 0;
			defaultConfigurationName = Release;
		};
		BDADEFF12D81C897007ACB8D /* Build configuration list for PBXNativeTarget "orenfin" */ = {
			isa = XCConfigurationList;
			buildConfigurations = (
				BDADEFF22D81C897007ACB8D /* Debug */,
				BDADEFF32D81C897007ACB8D /* Release */,
			);
			defaultConfigurationIsVisible = 0;
			defaultConfigurationName = Release;
		};
		BDADEFF42D81C897007ACB8D /* Build configuration list for PBXNativeTarget "orenfinTests" */ = {
			isa = XCConfigurationList;
			buildConfigurations = (
				BDADEFF52D81C897007ACB8D /* Debug */,
				BDADEFF62D81C897007ACB8D /* Release */,
			);
			defaultConfigurationIsVisible = 0;
			defaultConfigurationName = Release;
		};
		BDADEFF72D81C897007ACB8D /* Build configuration list for PBXNativeTarget "orenfinUITests" */ = {
			isa = XCConfigurationList;
			buildConfigurations = (
				BDADEFF82D81C897007ACB8D /* Debug */,
				BDADEFF92D81C897007ACB8D /* Release */,
			);
			defaultConfigurationIsVisible = 0;
			defaultConfigurationName = Release;
		};
/* End XCConfigurationList section */
	};
	rootObject = BDADEFC52D81C896007ACB8D /* Project object */;
}
